
Microsoft Visual Studio Solution File, Format Version 12.00
# Visual Studio Version 16
VisualStudioVersion = 16.0.31019.35
MinimumVisualStudioVersion = 10.0.40219.1
Project("{9A19103F-16F7-4668-BE54-9A1E7A4F7556}") = "FeedyVetAPI", "FeedyVetAPI\FeedyVetAPI.csproj", "{7B380CF6-DB9C-427C-85A8-62A439B18A14}"
EndProject
Project("{FAE04EC0-301F-11D3-BF4B-00C04F79EFBC}") = "FeedyVet.Test", "FeedyVet.Test\FeedyVet.Test.csproj", "{65FF94FA-C051-427F-8C43-7A2230DAA5CB}"
EndProject
Global
	GlobalSection(SolutionConfigurationPlatforms) = preSolution
		Debug|Any CPU = Debug|Any CPU
		Release|Any CPU = Release|Any CPU
	EndGlobalSection
	GlobalSection(ProjectConfigurationPlatforms) = postSolution
		{7B380CF6-DB9C-427C-85A8-62A439B18A14}.Debug|Any CPU.ActiveCfg = Debug|Any CPU
		{7B380CF6-DB9C-427C-85A8-62A439B18A14}.Debug|Any CPU.Build.0 = Debug|Any CPU
		{7B380CF6-DB9C-427C-85A8-62A439B18A14}.Release|Any CPU.ActiveCfg = Release|Any CPU
		{7B380CF6-DB9C-427C-85A8-62A439B18A14}.Release|Any CPU.Build.0 = Release|Any CPU
		{65FF94FA-C051-427F-8C43-7A2230DAA5CB}.Debug|Any CPU.ActiveCfg = Debug|Any CPU
		{65FF94FA-C051-427F-8C43-7A2230DAA5CB}.Debug|Any CPU.Build.0 = Debug|Any CPU
		{65FF94FA-C051-427F-8C43-7A2230DAA5CB}.Release|Any CPU.ActiveCfg = Release|Any CPU
		{65FF94FA-C051-427F-8C43-7A2230DAA5CB}.Release|Any CPU.Build.0 = Release|Any CPU
	EndGlobalSection
	GlobalSection(SolutionProperties) = preSolution
		HideSolutionNode = FALSE
	EndGlobalSection
	GlobalSection(ExtensibilityGlobals) = postSolution
		SolutionGuid = {573888D6-B7A0-4CA4-8403-4357524021FC}
	EndGlobalSection
EndGlobal
